// !$*UTF8*$!
{
	archiveVersion = 1;
	classes = {
	};
	objectVersion = 50;
	objects = {

/* Begin PBXBuildFile section */
		B431370521A6D1C800DDD647 /* MainTabController.swift in Sources */ = {isa = PBXBuildFile; fileRef = B431370321A6D1C800DDD647 /* MainTabController.swift */; };
		B431370921A6D1EF00DDD647 /* MainNavigationController.swift in Sources */ = {isa = PBXBuildFile; fileRef = B431370721A6D1EF00DDD647 /* MainNavigationController.swift */; };
		B431371721A6DC4700DDD647 /* MainTabBar.storyboard in Resources */ = {isa = PBXBuildFile; fileRef = B431371621A6DC4700DDD647 /* MainTabBar.storyboard */; };
		B431371921A6DC5F00DDD647 /* MainNavigation.storyboard in Resources */ = {isa = PBXBuildFile; fileRef = B431371821A6DC5F00DDD647 /* MainNavigation.storyboard */; };
		B431371B21A6DD5600DDD647 /* HomeViewController.swift in Sources */ = {isa = PBXBuildFile; fileRef = B431371A21A6DD5600DDD647 /* HomeViewController.swift */; };
		B431371D21A6DD6D00DDD647 /* Home.storyboard in Resources */ = {isa = PBXBuildFile; fileRef = B431371C21A6DD6D00DDD647 /* Home.storyboard */; };
		B431372021A6DF3400DDD647 /* SearchViewController.swift in Sources */ = {isa = PBXBuildFile; fileRef = B431371F21A6DF3400DDD647 /* SearchViewController.swift */; };
		B431372421A6DF7400DDD647 /* SearchViewController.storyboard in Resources */ = {isa = PBXBuildFile; fileRef = B431372321A6DF7400DDD647 /* SearchViewController.storyboard */; };
		B431372721A6DFD600DDD647 /* MyPageViewController.swift in Sources */ = {isa = PBXBuildFile; fileRef = B431372621A6DFD600DDD647 /* MyPageViewController.swift */; };
		B431372921A6DFEB00DDD647 /* MyPageViewController.storyboard in Resources */ = {isa = PBXBuildFile; fileRef = B431372821A6DFEB00DDD647 /* MyPageViewController.storyboard */; };
		B4BB824C21972EAD0048DE89 /* AppDelegate.swift in Sources */ = {isa = PBXBuildFile; fileRef = B4BB824B21972EAD0048DE89 /* AppDelegate.swift */; };
		B4BB825321972EAF0048DE89 /* Assets.xcassets in Resources */ = {isa = PBXBuildFile; fileRef = B4BB825221972EAF0048DE89 /* Assets.xcassets */; };
		B4BB825621972EAF0048DE89 /* LaunchScreen.storyboard in Resources */ = {isa = PBXBuildFile; fileRef = B4BB825421972EAF0048DE89 /* LaunchScreen.storyboard */; };
		B8EE76E45178E9FED4927C7F /* Pods_Shirutabi.framework in Frameworks */ = {isa = PBXBuildFile; fileRef = 323BFB2CDCDE1595D53F3F33 /* Pods_Shirutabi.framework */; };
/* End PBXBuildFile section */

/* Begin PBXFileReference section */
		20BE1B97AFBC78E078CF3AD3 /* Pods-Shirutabi.debug.xcconfig */ = {isa = PBXFileReference; includeInIndex = 1; lastKnownFileType = text.xcconfig; name = "Pods-Shirutabi.debug.xcconfig"; path = "Pods/Target Support Files/Pods-Shirutabi/Pods-Shirutabi.debug.xcconfig"; sourceTree = "<group>"; };
		323BFB2CDCDE1595D53F3F33 /* Pods_Shirutabi.framework */ = {isa = PBXFileReference; explicitFileType = wrapper.framework; includeInIndex = 0; path = Pods_Shirutabi.framework; sourceTree = BUILT_PRODUCTS_DIR; };
		5460DB2B5E52C75C5989FE46 /* Pods-Shirutabi.release.xcconfig */ = {isa = PBXFileReference; includeInIndex = 1; lastKnownFileType = text.xcconfig; name = "Pods-Shirutabi.release.xcconfig"; path = "Pods/Target Support Files/Pods-Shirutabi/Pods-Shirutabi.release.xcconfig"; sourceTree = "<group>"; };
		B431370321A6D1C800DDD647 /* MainTabController.swift */ = {isa = PBXFileReference; lastKnownFileType = sourcecode.swift; path = MainTabController.swift; sourceTree = "<group>"; };
		B431370721A6D1EF00DDD647 /* MainNavigationController.swift */ = {isa = PBXFileReference; lastKnownFileType = sourcecode.swift; path = MainNavigationController.swift; sourceTree = "<group>"; };
		B431371621A6DC4700DDD647 /* MainTabBar.storyboard */ = {isa = PBXFileReference; lastKnownFileType = file.storyboard; path = MainTabBar.storyboard; sourceTree = "<group>"; };
		B431371821A6DC5F00DDD647 /* MainNavigation.storyboard */ = {isa = PBXFileReference; lastKnownFileType = file.storyboard; path = MainNavigation.storyboard; sourceTree = "<group>"; };
		B431371A21A6DD5600DDD647 /* HomeViewController.swift */ = {isa = PBXFileReference; lastKnownFileType = sourcecode.swift; path = HomeViewController.swift; sourceTree = "<group>"; };
		B431371C21A6DD6D00DDD647 /* Home.storyboard */ = {isa = PBXFileReference; lastKnownFileType = file.storyboard; path = Home.storyboard; sourceTree = "<group>"; };
		B431371F21A6DF3400DDD647 /* SearchViewController.swift */ = {isa = PBXFileReference; lastKnownFileType = sourcecode.swift; path = SearchViewController.swift; sourceTree = "<group>"; };
		B431372321A6DF7400DDD647 /* SearchViewController.storyboard */ = {isa = PBXFileReference; lastKnownFileType = file.storyboard; path = SearchViewController.storyboard; sourceTree = "<group>"; };
		B431372621A6DFD600DDD647 /* MyPageViewController.swift */ = {isa = PBXFileReference; lastKnownFileType = sourcecode.swift; path = MyPageViewController.swift; sourceTree = "<group>"; };
		B431372821A6DFEB00DDD647 /* MyPageViewController.storyboard */ = {isa = PBXFileReference; lastKnownFileType = file.storyboard; path = MyPageViewController.storyboard; sourceTree = "<group>"; };
		B4BB824821972EAD0048DE89 /* Shirutabi.app */ = {isa = PBXFileReference; explicitFileType = wrapper.application; includeInIndex = 0; path = Shirutabi.app; sourceTree = BUILT_PRODUCTS_DIR; };
		B4BB824B21972EAD0048DE89 /* AppDelegate.swift */ = {isa = PBXFileReference; lastKnownFileType = sourcecode.swift; path = AppDelegate.swift; sourceTree = "<group>"; };
		B4BB825221972EAF0048DE89 /* Assets.xcassets */ = {isa = PBXFileReference; lastKnownFileType = folder.assetcatalog; path = Assets.xcassets; sourceTree = "<group>"; };
		B4BB825521972EAF0048DE89 /* Base */ = {isa = PBXFileReference; lastKnownFileType = file.storyboard; name = Base; path = Base.lproj/LaunchScreen.storyboard; sourceTree = "<group>"; };
		B4BB825721972EAF0048DE89 /* Info.plist */ = {isa = PBXFileReference; lastKnownFileType = text.plist.xml; path = Info.plist; sourceTree = "<group>"; };
/* End PBXFileReference section */

/* Begin PBXFrameworksBuildPhase section */
		B4BB824521972EAD0048DE89 /* Frameworks */ = {
			isa = PBXFrameworksBuildPhase;
			buildActionMask = 2147483647;
			files = (
				B8EE76E45178E9FED4927C7F /* Pods_Shirutabi.framework in Frameworks */,
			);
			runOnlyForDeploymentPostprocessing = 0;
		};
/* End PBXFrameworksBuildPhase section */

/* Begin PBXGroup section */
		B43136FE21A6D07C00DDD647 /* ViewControllers */ = {
			isa = PBXGroup;
			children = (
				B431370221A6D0FA00DDD647 /* Home */,
				B431371E21A6DEDE00DDD647 /* Search */,
				B431372521A6DFAB00DDD647 /* MyPage */,
			);
			name = ViewControllers;
			path = ../..;
			sourceTree = "<group>";
		};
		B43136FF21A6D09400DDD647 /* Views */ = {
			isa = PBXGroup;
			children = (
				B43136FE21A6D07C00DDD647 /* ViewControllers */,
				B431370121A6D0DB00DDD647 /* Cells */,
			);
			path = Views;
			sourceTree = "<group>";
		};
		B431370021A6D0AB00DDD647 /* ViewModels */ = {
			isa = PBXGroup;
			children = (
			);
			path = ViewModels;
			sourceTree = "<group>";
		};
		B431370121A6D0DB00DDD647 /* Cells */ = {
			isa = PBXGroup;
			children = (
			);
			path = Cells;
			sourceTree = "<group>";
		};
		B431370221A6D0FA00DDD647 /* Home */ = {
			isa = PBXGroup;
			children = (
				B431370321A6D1C800DDD647 /* MainTabController.swift */,
				B431371621A6DC4700DDD647 /* MainTabBar.storyboard */,
				B431370721A6D1EF00DDD647 /* MainNavigationController.swift */,
				B431371821A6DC5F00DDD647 /* MainNavigation.storyboard */,
				B431371A21A6DD5600DDD647 /* HomeViewController.swift */,
				B431371C21A6DD6D00DDD647 /* Home.storyboard */,
			);
			path = Home;
			sourceTree = "<group>";
		};
		B431371E21A6DEDE00DDD647 /* Search */ = {
			isa = PBXGroup;
			children = (
				B431371F21A6DF3400DDD647 /* SearchViewController.swift */,
				B431372321A6DF7400DDD647 /* SearchViewController.storyboard */,
			);
			path = Search;
			sourceTree = "<group>";
		};
		B431372521A6DFAB00DDD647 /* MyPage */ = {
			isa = PBXGroup;
			children = (
				B431372621A6DFD600DDD647 /* MyPageViewController.swift */,
				B431372821A6DFEB00DDD647 /* MyPageViewController.storyboard */,
			);
			path = MyPage;
			sourceTree = "<group>";
		};
		B4BB823F21972EAD0048DE89 = {
			isa = PBXGroup;
			children = (
				B4BB824A21972EAD0048DE89 /* Shirutabi */,
				B4BB824921972EAD0048DE89 /* Products */,
				CC1537FADB85F7257FB9AB20 /* Pods */,
				E6A76D5F68CEB275C5119947 /* Frameworks */,
			);
			sourceTree = "<group>";
		};
		B4BB824921972EAD0048DE89 /* Products */ = {
			isa = PBXGroup;
			children = (
				B4BB824821972EAD0048DE89 /* Shirutabi.app */,
			);
			name = Products;
			sourceTree = "<group>";
		};
		B4BB824A21972EAD0048DE89 /* Shirutabi */ = {
			isa = PBXGroup;
			children = (
				B431370021A6D0AB00DDD647 /* ViewModels */,
				B43136FF21A6D09400DDD647 /* Views */,
				B4BB824B21972EAD0048DE89 /* AppDelegate.swift */,
				B4BB825221972EAF0048DE89 /* Assets.xcassets */,
				B4BB825421972EAF0048DE89 /* LaunchScreen.storyboard */,
				B4BB825721972EAF0048DE89 /* Info.plist */,
			);
			path = Shirutabi;
			sourceTree = "<group>";
		};
		CC1537FADB85F7257FB9AB20 /* Pods */ = {
			isa = PBXGroup;
			children = (
				20BE1B97AFBC78E078CF3AD3 /* Pods-Shirutabi.debug.xcconfig */,
				5460DB2B5E52C75C5989FE46 /* Pods-Shirutabi.release.xcconfig */,
			);
			name = Pods;
			sourceTree = "<group>";
		};
		E6A76D5F68CEB275C5119947 /* Frameworks */ = {
			isa = PBXGroup;
			children = (
				323BFB2CDCDE1595D53F3F33 /* Pods_Shirutabi.framework */,
			);
			name = Frameworks;
			sourceTree = "<group>";
		};
/* End PBXGroup section */

/* Begin PBXNativeTarget section */
		B4BB824721972EAD0048DE89 /* Shirutabi */ = {
			isa = PBXNativeTarget;
			buildConfigurationList = B4BB825A21972EAF0048DE89 /* Build configuration list for PBXNativeTarget "Shirutabi" */;
			buildPhases = (
				821A6D6DA4B95754C73EC3F1 /* [CP] Check Pods Manifest.lock */,
				B4BB824421972EAD0048DE89 /* Sources */,
				B4BB824521972EAD0048DE89 /* Frameworks */,
				B4BB824621972EAD0048DE89 /* Resources */,
				F97462F27C5DAE30FF6AFC47 /* [CP] Embed Pods Frameworks */,
			);
			buildRules = (
			);
			dependencies = (
			);
			name = Shirutabi;
			productName = Shirutabi;
			productReference = B4BB824821972EAD0048DE89 /* Shirutabi.app */;
			productType = "com.apple.product-type.application";
		};
/* End PBXNativeTarget section */

/* Begin PBXProject section */
		B4BB824021972EAD0048DE89 /* Project object */ = {
			isa = PBXProject;
			attributes = {
				LastSwiftUpdateCheck = 1010;
				LastUpgradeCheck = 1010;
				ORGANIZATIONNAME = "Seiya Nakajima";
				TargetAttributes = {
					B4BB824721972EAD0048DE89 = {
						CreatedOnToolsVersion = 10.1;
					};
				};
			};
			buildConfigurationList = B4BB824321972EAD0048DE89 /* Build configuration list for PBXProject "Shirutabi" */;
			compatibilityVersion = "Xcode 9.3";
			developmentRegion = en;
			hasScannedForEncodings = 0;
			knownRegions = (
				en,
				Base,
			);
			mainGroup = B4BB823F21972EAD0048DE89;
			productRefGroup = B4BB824921972EAD0048DE89 /* Products */;
			projectDirPath = "";
			projectRoot = "";
			targets = (
				B4BB824721972EAD0048DE89 /* Shirutabi */,
			);
		};
/* End PBXProject section */

/* Begin PBXResourcesBuildPhase section */
		B4BB824621972EAD0048DE89 /* Resources */ = {
			isa = PBXResourcesBuildPhase;
			buildActionMask = 2147483647;
			files = (
				B431372921A6DFEB00DDD647 /* MyPageViewController.storyboard in Resources */,
				B4BB825621972EAF0048DE89 /* LaunchScreen.storyboard in Resources */,
				B431371921A6DC5F00DDD647 /* MainNavigation.storyboard in Resources */,
				B431371721A6DC4700DDD647 /* MainTabBar.storyboard in Resources */,
				B431372421A6DF7400DDD647 /* SearchViewController.storyboard in Resources */,
				B431371D21A6DD6D00DDD647 /* Home.storyboard in Resources */,
				B4BB825321972EAF0048DE89 /* Assets.xcassets in Resources */,
			);
			runOnlyForDeploymentPostprocessing = 0;
		};
/* End PBXResourcesBuildPhase section */

/* Begin PBXShellScriptBuildPhase section */
		821A6D6DA4B95754C73EC3F1 /* [CP] Check Pods Manifest.lock */ = {
			isa = PBXShellScriptBuildPhase;
			buildActionMask = 2147483647;
			files = (
			);
			inputPaths = (
				"${PODS_PODFILE_DIR_PATH}/Podfile.lock",
				"${PODS_ROOT}/Manifest.lock",
			);
			name = "[CP] Check Pods Manifest.lock";
			outputPaths = (
				"$(DERIVED_FILE_DIR)/Pods-Shirutabi-checkManifestLockResult.txt",
			);
			runOnlyForDeploymentPostprocessing = 0;
			shellPath = /bin/sh;
			shellScript = "diff \"${PODS_PODFILE_DIR_PATH}/Podfile.lock\" \"${PODS_ROOT}/Manifest.lock\" > /dev/null\nif [ $? != 0 ] ; then\n    # print error to STDERR\n    echo \"error: The sandbox is not in sync with the Podfile.lock. Run 'pod install' or update your CocoaPods installation.\" >&2\n    exit 1\nfi\n# This output is used by Xcode 'outputs' to avoid re-running this script phase.\necho \"SUCCESS\" > \"${SCRIPT_OUTPUT_FILE_0}\"\n";
			showEnvVarsInLog = 0;
		};
		F97462F27C5DAE30FF6AFC47 /* [CP] Embed Pods Frameworks */ = {
			isa = PBXShellScriptBuildPhase;
			buildActionMask = 2147483647;
			files = (
			);
			inputPaths = (
				"${SRCROOT}/Pods/Target Support Files/Pods-Shirutabi/Pods-Shirutabi-frameworks.sh",
				"${BUILT_PRODUCTS_DIR}/Alamofire/Alamofire.framework",
				"${BUILT_PRODUCTS_DIR}/RxCocoa/RxCocoa.framework",
				"${BUILT_PRODUCTS_DIR}/RxSwift/RxSwift.framework",
				"${BUILT_PRODUCTS_DIR}/SVProgressHUD/SVProgressHUD.framework",
				"${BUILT_PRODUCTS_DIR}/SwiftyJSON/SwiftyJSON.framework",
			);
			name = "[CP] Embed Pods Frameworks";
			outputPaths = (
				"${TARGET_BUILD_DIR}/${FRAMEWORKS_FOLDER_PATH}/Alamofire.framework",
				"${TARGET_BUILD_DIR}/${FRAMEWORKS_FOLDER_PATH}/RxCocoa.framework",
				"${TARGET_BUILD_DIR}/${FRAMEWORKS_FOLDER_PATH}/RxSwift.framework",
				"${TARGET_BUILD_DIR}/${FRAMEWORKS_FOLDER_PATH}/SVProgressHUD.framework",
				"${TARGET_BUILD_DIR}/${FRAMEWORKS_FOLDER_PATH}/SwiftyJSON.framework",
			);
			runOnlyForDeploymentPostprocessing = 0;
			shellPath = /bin/sh;
			shellScript = "\"${SRCROOT}/Pods/Target Support Files/Pods-Shirutabi/Pods-Shirutabi-frameworks.sh\"\n";
			showEnvVarsInLog = 0;
		};
/* End PBXShellScriptBuildPhase section */

/* Begin PBXSourcesBuildPhase section */
		B4BB824421972EAD0048DE89 /* Sources */ = {
			isa = PBXSourcesBuildPhase;
			buildActionMask = 2147483647;
			files = (
				B431372021A6DF3400DDD647 /* SearchViewController.swift in Sources */,
				B431371B21A6DD5600DDD647 /* HomeViewController.swift in Sources */,
				B431372721A6DFD600DDD647 /* MyPageViewController.swift in Sources */,
				B4BB824C21972EAD0048DE89 /* AppDelegate.swift in Sources */,
				B431370921A6D1EF00DDD647 /* MainNavigationController.swift in Sources */,
				B431370521A6D1C800DDD647 /* MainTabController.swift in Sources */,
			);
			runOnlyForDeploymentPostprocessing = 0;
		};
/* End PBXSourcesBuildPhase section */

/* Begin PBXVariantGroup section */
		B4BB825421972EAF0048DE89 /* LaunchScreen.storyboard */ = {
			isa = PBXVariantGroup;
			children = (
				B4BB825521972EAF0048DE89 /* Base */,
			);
			name = LaunchScreen.storyboard;
			sourceTree = "<group>";
		};
/* End PBXVariantGroup section */

/* Begin XCBuildConfiguration section */
		B4BB825821972EAF0048DE89 /* Debug */ = {
			isa = XCBuildConfiguration;
			buildSettings = {
				ALWAYS_SEARCH_USER_PATHS = NO;
				CLANG_ANALYZER_NONNULL = YES;
				CLANG_ANALYZER_NUMBER_OBJECT_CONVERSION = YES_AGGRESSIVE;
				CLANG_CXX_LANGUAGE_STANDARD = "gnu++14";
				CLANG_CXX_LIBRARY = "libc++";
				CLANG_ENABLE_MODULES = YES;
				CLANG_ENABLE_OBJC_ARC = YES;
				CLANG_ENABLE_OBJC_WEAK = YES;
				CLANG_WARN_BLOCK_CAPTURE_AUTORELEASING = YES;
				CLANG_WARN_BOOL_CONVERSION = YES;
				CLANG_WARN_COMMA = YES;
				CLANG_WARN_CONSTANT_CONVERSION = YES;
				CLANG_WARN_DEPRECATED_OBJC_IMPLEMENTATIONS = YES;
				CLANG_WARN_DIRECT_OBJC_ISA_USAGE = YES_ERROR;
				CLANG_WARN_DOCUMENTATION_COMMENTS = YES;
				CLANG_WARN_EMPTY_BODY = YES;
				CLANG_WARN_ENUM_CONVERSION = YES;
				CLANG_WARN_INFINITE_RECURSION = YES;
				CLANG_WARN_INT_CONVERSION = YES;
				CLANG_WARN_NON_LITERAL_NULL_CONVERSION = YES;
				CLANG_WARN_OBJC_IMPLICIT_RETAIN_SELF = YES;
				CLANG_WARN_OBJC_LITERAL_CONVERSION = YES;
				CLANG_WARN_OBJC_ROOT_CLASS = YES_ERROR;
				CLANG_WARN_RANGE_LOOP_ANALYSIS = YES;
				CLANG_WARN_STRICT_PROTOTYPES = YES;
				CLANG_WARN_SUSPICIOUS_MOVE = YES;
				CLANG_WARN_UNGUARDED_AVAILABILITY = YES_AGGRESSIVE;
				CLANG_WARN_UNREACHABLE_CODE = YES;
				CLANG_WARN__DUPLICATE_METHOD_MATCH = YES;
				CODE_SIGN_IDENTITY = "iPhone Developer";
				COPY_PHASE_STRIP = NO;
				DEBUG_INFORMATION_FORMAT = dwarf;
				ENABLE_STRICT_OBJC_MSGSEND = YES;
				ENABLE_TESTABILITY = YES;
				GCC_C_LANGUAGE_STANDARD = gnu11;
				GCC_DYNAMIC_NO_PIC = NO;
				GCC_NO_COMMON_BLOCKS = YES;
				GCC_OPTIMIZATION_LEVEL = 0;
				GCC_PREPROCESSOR_DEFINITIONS = (
					"DEBUG=1",
					"$(inherited)",
				);
				GCC_WARN_64_TO_32_BIT_CONVERSION = YES;
				GCC_WARN_ABOUT_RETURN_TYPE = YES_ERROR;
				GCC_WARN_UNDECLARED_SELECTOR = YES;
				GCC_WARN_UNINITIALIZED_AUTOS = YES_AGGRESSIVE;
				GCC_WARN_UNUSED_FUNCTION = YES;
				GCC_WARN_UNUSED_VARIABLE = YES;
				IPHONEOS_DEPLOYMENT_TARGET = 12.1;
				MTL_ENABLE_DEBUG_INFO = INCLUDE_SOURCE;
				MTL_FAST_MATH = YES;
				ONLY_ACTIVE_ARCH = YES;
				SDKROOT = iphoneos;
				SWIFT_ACTIVE_COMPILATION_CONDITIONS = DEBUG;
				SWIFT_OPTIMIZATION_LEVEL = "-Onone";
			};
			name = Debug;
		};
		B4BB825921972EAF0048DE89 /* Release */ = {
			isa = XCBuildConfiguration;
			buildSettings = {
				ALWAYS_SEARCH_USER_PATHS = NO;
				CLANG_ANALYZER_NONNULL = YES;
				CLANG_ANALYZER_NUMBER_OBJECT_CONVERSION = YES_AGGRESSIVE;
				CLANG_CXX_LANGUAGE_STANDARD = "gnu++14";
				CLANG_CXX_LIBRARY = "libc++";
				CLANG_ENABLE_MODULES = YES;
				CLANG_ENABLE_OBJC_ARC = YES;
				CLANG_ENABLE_OBJC_WEAK = YES;
				CLANG_WARN_BLOCK_CAPTURE_AUTORELEASING = YES;
				CLANG_WARN_BOOL_CONVERSION = YES;
				CLANG_WARN_COMMA = YES;
				CLANG_WARN_CONSTANT_CONVERSION = YES;
				CLANG_WARN_DEPRECATED_OBJC_IMPLEMENTATIONS = YES;
				CLANG_WARN_DIRECT_OBJC_ISA_USAGE = YES_ERROR;
				CLANG_WARN_DOCUMENTATION_COMMENTS = YES;
				CLANG_WARN_EMPTY_BODY = YES;
				CLANG_WARN_ENUM_CONVERSION = YES;
				CLANG_WARN_INFINITE_RECURSION = YES;
				CLANG_WARN_INT_CONVERSION = YES;
				CLANG_WARN_NON_LITERAL_NULL_CONVERSION = YES;
				CLANG_WARN_OBJC_IMPLICIT_RETAIN_SELF = YES;
				CLANG_WARN_OBJC_LITERAL_CONVERSION = YES;
				CLANG_WARN_OBJC_ROOT_CLASS = YES_ERROR;
				CLANG_WARN_RANGE_LOOP_ANALYSIS = YES;
				CLANG_WARN_STRICT_PROTOTYPES = YES;
				CLANG_WARN_SUSPICIOUS_MOVE = YES;
				CLANG_WARN_UNGUARDED_AVAILABILITY = YES_AGGRESSIVE;
				CLANG_WARN_UNREACHABLE_CODE = YES;
				CLANG_WARN__DUPLICATE_METHOD_MATCH = YES;
				CODE_SIGN_IDENTITY = "iPhone Developer";
				COPY_PHASE_STRIP = NO;
				DEBUG_INFORMATION_FORMAT = "dwarf-with-dsym";
				ENABLE_NS_ASSERTIONS = NO;
				ENABLE_STRICT_OBJC_MSGSEND = YES;
				GCC_C_LANGUAGE_STANDARD = gnu11;
				GCC_NO_COMMON_BLOCKS = YES;
				GCC_WARN_64_TO_32_BIT_CONVERSION = YES;
				GCC_WARN_ABOUT_RETURN_TYPE = YES_ERROR;
				GCC_WARN_UNDECLARED_SELECTOR = YES;
				GCC_WARN_UNINITIALIZED_AUTOS = YES_AGGRESSIVE;
				GCC_WARN_UNUSED_FUNCTION = YES;
				GCC_WARN_UNUSED_VARIABLE = YES;
				IPHONEOS_DEPLOYMENT_TARGET = 12.1;
				MTL_ENABLE_DEBUG_INFO = NO;
				MTL_FAST_MATH = YES;
				SDKROOT = iphoneos;
				SWIFT_COMPILATION_MODE = wholemodule;
				SWIFT_OPTIMIZATION_LEVEL = "-O";
				VALIDATE_PRODUCT = YES;
			};
			name = Release;
		};
		B4BB825B21972EAF0048DE89 /* Debug */ = {
			isa = XCBuildConfiguration;
			baseConfigurationReference = 20BE1B97AFBC78E078CF3AD3 /* Pods-Shirutabi.debug.xcconfig */;
			buildSettings = {
				ASSETCATALOG_COMPILER_APPICON_NAME = AppIcon;
				CODE_SIGN_STYLE = Automatic;
				DEVELOPMENT_TEAM = GT9S27G7LY;
				INFOPLIST_FILE = Shirutabi/Info.plist;
				IPHONEOS_DEPLOYMENT_TARGET = 11.0;
				LD_RUNPATH_SEARCH_PATHS = (
					"$(inherited)",
					"@executable_path/Frameworks",
				);
				PRODUCT_BUNDLE_IDENTIFIER = "jp.ne.docomo.seiya.ck-shiikeke.Shirutabi";
				PRODUCT_NAME = "$(TARGET_NAME)";
				SWIFT_VERSION = 4.2;
				TARGETED_DEVICE_FAMILY = "1,2";
			};
			name = Debug;
		};
		B4BB825C21972EAF0048DE89 /* Release */ = {
			isa = XCBuildConfiguration;
			baseConfigurationReference = 5460DB2B5E52C75C5989FE46 /* Pods-Shirutabi.release.xcconfig */;
			buildSettings = {
				ASSETCATALOG_COMPILER_APPICON_NAME = AppIcon;
				CODE_SIGN_STYLE = Automatic;
				DEVELOPMENT_TEAM = GT9S27G7LY;
				INFOPLIST_FILE = Shirutabi/Info.plist;
				IPHONEOS_DEPLOYMENT_TARGET = 11.0;
				LD_RUNPATH_SEARCH_PATHS = (
					"$(inherited)",
					"@executable_path/Frameworks",
				);
				PRODUCT_BUNDLE_IDENTIFIER = "jp.ne.docomo.seiya.ck-shiikeke.Shirutabi";
				PRODUCT_NAME = "$(TARGET_NAME)";
				SWIFT_VERSION = 4.2;
				TARGETED_DEVICE_FAMILY = "1,2";
			};
			name = Release;
		};
/* End XCBuildConfiguration section */

/* Begin XCConfigurationList section */
		B4BB824321972EAD0048DE89 /* Build configuration list for PBXProject "Shirutabi" */ = {
			isa = XCConfigurationList;
			buildConfigurations = (
				B4BB825821972EAF0048DE89 /* Debug */,
				B4BB825921972EAF0048DE89 /* Release */,
			);
			defaultConfigurationIsVisible = 0;
			defaultConfigurationName = Release;
		};
		B4BB825A21972EAF0048DE89 /* Build configuration list for PBXNativeTarget "Shirutabi" */ = {
			isa = XCConfigurationList;
			buildConfigurations = (
				B4BB825B21972EAF0048DE89 /* Debug */,
				B4BB825C21972EAF0048DE89 /* Release */,
			);
			defaultConfigurationIsVisible = 0;
			defaultConfigurationName = Release;
		};
/* End XCConfigurationList section */
	};
	rootObject = B4BB824021972EAD0048DE89 /* Project object */;
}
